
Microsoft Visual Studio Solution File, Format Version 12.00
# Visual Studio Version 16
VisualStudioVersion = 16.0.30104.148
MinimumVisualStudioVersion = 10.0.40219.1
Project("{8BC9CEB8-8B4A-11D0-8D11-00A0C91BC942}") = "driver", "driver\driver.vcxproj", "{60D6C942-AC20-4C05-A2BE-54B5C966534D}"
EndProject
Project("{8BC9CEB8-8B4A-11D0-8D11-00A0C91BC942}") = "common", "common\common.vcxitems", "{24B4226F-1461-408F-A1A4-1371C97153EA}"
EndProject
Project("{8BC9CEB8-8B4A-11D0-8D11-00A0C91BC942}") = "installer", "installer\installer.vcxproj", "{896950D1-520A-420A-B6B1-73014B92A68C}"
EndProject
Project("{8BC9CEB8-8B4A-11D0-8D11-00A0C91BC942}") = "console", "console\console.vcxproj", "{AB7B3759-B85F-4067-8935-FB4539B41869}"
EndProject
Project("{8BC9CEB8-8B4A-11D0-8D11-00A0C91BC942}") = "common-install", "common-install\common-install.vcxitems", "{058D66C6-D88B-4FDB-B0E4-0A6FE7483B95}"
EndProject
Project("{8BC9CEB8-8B4A-11D0-8D11-00A0C91BC942}") = "uninstaller", "uninstaller\uninstaller.vcxproj", "{A4097FF6-A6F0-44E8-B8D0-538D0FB75936}"
EndProject
Project("{8BC9CEB8-8B4A-11D0-8D11-00A0C91BC942}") = "wrapper", "wrapper\wrapper.vcxproj", "{28A3656F-A1DE-405C-B547-191C32EC555F}"
EndProject
Project("{FAE04EC0-301F-11D3-BF4B-00C04F79EFBC}") = "grapher", "grapher\grapher.csproj", "{EF67F71F-ABF5-4760-B50D-D1B9836DF01C}"
EndProject
Global
	GlobalSection(SharedMSBuildProjectFiles) = preSolution
		common-install\common-install.vcxitems*{058d66c6-d88b-4fdb-b0e4-0a6fe7483b95}*SharedItemsImports = 9
		common\common.vcxitems*{24b4226f-1461-408f-a1a4-1371c97153ea}*SharedItemsImports = 9
		common\common.vcxitems*{28a3656f-a1de-405c-b547-191c32ec555f}*SharedItemsImports = 4
		common\common.vcxitems*{60d6c942-ac20-4c05-a2be-54b5c966534d}*SharedItemsImports = 4
		common-install\common-install.vcxitems*{896950d1-520a-420a-b6b1-73014b92a68c}*SharedItemsImports = 4
		common-install\common-install.vcxitems*{a4097ff6-a6f0-44e8-b8d0-538d0fb75936}*SharedItemsImports = 4
		common\common.vcxitems*{ab7b3759-b85f-4067-8935-fb4539b41869}*SharedItemsImports = 4
	EndGlobalSection
	GlobalSection(SolutionConfigurationPlatforms) = preSolution
		Debug|x64 = Debug|x64
		Release|x64 = Release|x64
	EndGlobalSection
	GlobalSection(ProjectConfigurationPlatforms) = postSolution
		{60D6C942-AC20-4C05-A2BE-54B5C966534D}.Debug|x64.ActiveCfg = Debug|x64
		{60D6C942-AC20-4C05-A2BE-54B5C966534D}.Debug|x64.Build.0 = Debug|x64
		{60D6C942-AC20-4C05-A2BE-54B5C966534D}.Debug|x64.Deploy.0 = Debug|x64
		{60D6C942-AC20-4C05-A2BE-54B5C966534D}.Release|x64.ActiveCfg = Release|x64
		{60D6C942-AC20-4C05-A2BE-54B5C966534D}.Release|x64.Build.0 = Release|x64
		{896950D1-520A-420A-B6B1-73014B92A68C}.Debug|x64.ActiveCfg = Debug|x64
		{896950D1-520A-420A-B6B1-73014B92A68C}.Debug|x64.Build.0 = Debug|x64
		{896950D1-520A-420A-B6B1-73014B92A68C}.Release|x64.ActiveCfg = Release|x64
		{896950D1-520A-420A-B6B1-73014B92A68C}.Release|x64.Build.0 = Release|x64
		{AB7B3759-B85F-4067-8935-FB4539B41869}.Debug|x64.ActiveCfg = Debug|x64
		{AB7B3759-B85F-4067-8935-FB4539B41869}.Debug|x64.Build.0 = Debug|x64
		{AB7B3759-B85F-4067-8935-FB4539B41869}.Release|x64.ActiveCfg = Release|x64
		{AB7B3759-B85F-4067-8935-FB4539B41869}.Release|x64.Build.0 = Release|x64
		{A4097FF6-A6F0-44E8-B8D0-538D0FB75936}.Debug|x64.ActiveCfg = Debug|x64
		{A4097FF6-A6F0-44E8-B8D0-538D0FB75936}.Debug|x64.Build.0 = Debug|x64
		{A4097FF6-A6F0-44E8-B8D0-538D0FB75936}.Release|x64.ActiveCfg = Release|x64
		{A4097FF6-A6F0-44E8-B8D0-538D0FB75936}.Release|x64.Build.0 = Release|x64
		{28A3656F-A1DE-405C-B547-191C32EC555F}.Debug|x64.ActiveCfg = Debug|x64
		{28A3656F-A1DE-405C-B547-191C32EC555F}.Debug|x64.Build.0 = Debug|x64
		{28A3656F-A1DE-405C-B547-191C32EC555F}.Release|x64.ActiveCfg = Release|x64
		{28A3656F-A1DE-405C-B547-191C32EC555F}.Release|x64.Build.0 = Release|x64
		{EF67F71F-ABF5-4760-B50D-D1B9836DF01C}.Debug|x64.ActiveCfg = Debug|x64
		{EF67F71F-ABF5-4760-B50D-D1B9836DF01C}.Release|x64.ActiveCfg = Release|x64
		{EF67F71F-ABF5-4760-B50D-D1B9836DF01C}.Release|x64.Build.0 = Release|x64
	EndGlobalSection
	GlobalSection(SolutionProperties) = preSolution
		HideSolutionNode = FALSE
	EndGlobalSection
	GlobalSection(ExtensibilityGlobals) = postSolution
		SolutionGuid = {A3B5EC34-5340-4301-8BE9-33096EFEF77E}
	EndGlobalSection
EndGlobal
